
Microsoft Visual Studio Solution File, Format Version 12.00
# Visual Studio Version 17
VisualStudioVersion = 17.14.36327.8 d17.14
MinimumVisualStudioVersion = 10.0.40219.1
Project("{FAE04EC0-301F-11D3-BF4B-00C04F79EFBC}") = "ITI_Final_Project", "ITI_Final_Project\ITI_Final_Project.csproj", "{7927253F-5D03-45BA-B430-C5794C709232}"
EndProject
Global
	GlobalSection(SolutionConfigurationPlatforms) = preSolution
		Debug|Any CPU = Debug|Any CPU
		Release|Any CPU = Release|Any CPU
	EndGlobalSection
	GlobalSection(ProjectConfigurationPlatforms) = postSolution
		{7927253F-5D03-45BA-B430-C5794C709232}.Debug|Any CPU.ActiveCfg = Debug|Any CPU
		{7927253F-5D03-45BA-B430-C5794C709232}.Debug|Any CPU.Build.0 = Debug|Any CPU
		{7927253F-5D03-45BA-B430-C5794C709232}.Release|Any CPU.ActiveCfg = Release|Any CPU
		{7927253F-5D03-45BA-B430-C5794C709232}.Release|Any CPU.Build.0 = Release|Any CPU
	EndGlobalSection
	GlobalSection(SolutionProperties) = preSolution
		HideSolutionNode = FALSE
	EndGlobalSection
	GlobalSection(ExtensibilityGlobals) = postSolution
		SolutionGuid = {3BFC65FB-2A44-438B-A77F-F6F15756BE6C}
	EndGlobalSection
EndGlobal
